{
  "name": "system-node-scripts",
  "version": "0.0.1",
  "lockfileVersion": 1,
  "requires": true,
  "dependencies": {
    "config": {
      "version": "3.2.4",
      "resolved": "https://registry.npmjs.org/config/-/config-3.2.4.tgz",
      "integrity": "sha512-H1XIGfnU1EAkfjSLn9ZvYDRx9lOezDViuzLDgiJ/lMeqjYe3q6iQfpcLt2NInckJgpAeekbNhQkmnnbdEDs9rw==",
      "requires": {
        "json5": "1.0.1"
      }
    },
    "dialog": {
      "version": "git+https://github.com/chm-dev/dialog.git#80c8f03b875c9fb1e6b1c2c3f8a0fbbcf03df978"
    },
    "json5": {
      "version": "1.0.1",
      "resolved": "https://registry.npmjs.org/json5/-/json5-1.0.1.tgz",
      "integrity": "sha512-aKS4WQjPenRxiQsC93MNfjx+nbF4PAdYzmd/1JIj8HYzqfbu86beTuNgXDzPknWk0n0uARlyewZo4s++ES36Ow==",
      "requires": {
        "minimist": "1.2.0"
      }
    },
    "minimist": {
      "version": "1.2.0",
      "resolved": "https://registry.npmjs.org/minimist/-/minimist-1.2.0.tgz",
      "integrity": "sha1-o1AIsg9BOD7sH7kU9M1d95omQoQ="
    },
    "slash": {
      "version": "3.0.0",
      "resolved": "https://registry.npmjs.org/slash/-/slash-3.0.0.tgz",
      "integrity": "sha512-g9Q1haeby36OSStwb4ntCGGGaKsaVSjQ68fBxoQcutl5fS1vuY18H3wSt3jFyFtrkx+Kz0V1G85A4MyAdDMi2Q=="
    }
  }
}
